<Solution>
  <Folder Name="/src/">
    <Project Path="src/Chess.Controller/Chess.Controller.csproj" />
    <Project Path="src/Chess.Core/Chess.Core.csproj" />
    <Project Path="src/Chess.UI/Chess.UI.csproj" />
  </Folder>
  <Folder Name="/tests/">
    <Project Path="tests/Chess.Core.Tests/Chess.Core.Tests.csproj" />
  </Folder>
</Solution>
